PODS:
  - Nimble (8.0.4)
  - PaylineSDK (1.0.0)
  - Quick (2.2.0)

DEPENDENCIES:
  - Nimble
  - PaylineSDK (from `../`)
  - Quick

SPEC REPOS:
  https://github.com/CocoaPods/Specs.git:
    - Nimble
    - Quick

EXTERNAL SOURCES:
  PaylineSDK:
    :path: "../"

SPEC CHECKSUMS:
  Nimble: 18d5360282923225d62b09d781f63abc1a0111fc
  PaylineSDK: 21e0979ae4a07081a7c275501b6c21faff35bada
  Quick: 7fb19e13be07b5dfb3b90d4f9824c855a11af40e

PODFILE CHECKSUM: c8497e0ebab404f321de2f7669cc612f8825d995

COCOAPODS: 1.8.4
