PODS:
  - Nimble (8.0.1)
  - PaylineSDK (0.2.0)
  - Quick (2.0.0)

DEPENDENCIES:
  - Nimble
  - PaylineSDK (from `../`)
  - Quick

SPEC REPOS:
  https://github.com/cocoapods/specs.git:
    - Nimble
    - Quick

EXTERNAL SOURCES:
  PaylineSDK:
    :path: "../"

SPEC CHECKSUMS:
  Nimble: 45f786ae66faa9a709624227fae502db55a8bdd0
  PaylineSDK: 0d517b7bea8c9c447b7537012bcb2cb5e0217f5b
  Quick: ce1276c7c27ba2da3cb2fd0cde053c3648b3b22d

PODFILE CHECKSUM: 6721b72e8836c59b0f5801777530ad42bd37c319

COCOAPODS: 1.6.1
