PODS:
  - Nimble (8.0.0)
  - PaylineSDK (0.1.0)
  - Quick (2.0.0)

DEPENDENCIES:
  - Nimble
  - PaylineSDK (from `../`)
  - Quick

SPEC REPOS:
  https://github.com/cocoapods/specs.git:
    - Nimble
    - Quick

EXTERNAL SOURCES:
  PaylineSDK:
    :path: "../"

SPEC CHECKSUMS:
  Nimble: a0e6f95b4b91a4f66b6da3512b6bebc07c9cbf49
  PaylineSDK: 291efaeac1ec27a4aa513283145919ec255d423f
  Quick: ce1276c7c27ba2da3cb2fd0cde053c3648b3b22d

PODFILE CHECKSUM: f305cc08413ebfbf52db7bd724559411ada1fa01

COCOAPODS: 1.6.1
